PODS:
  - GZIP (1.1.1)
  - MBProgressHUD (0.9.2)

DEPENDENCIES:
  - GZIP
  - MBProgressHUD (~> 0.9.2)

SPEC CHECKSUMS:
  GZIP: f8beb59597f651e6970a45b816508a9c6d700b77
  MBProgressHUD: 1569cf7ace17a8bac47aabfbb8580a49690386d1

PODFILE CHECKSUM: d9653b36271fa8d5274e4c9f834ad875c1e1de4c

COCOAPODS: 1.1.1
